// !$*UTF8*$!
{
	archiveVersion = 1;
	classes = {
	};
	objectVersion = 46;
	objects = {

/* Begin PBXBuildFile section */
		264FE9151CBD4C6B008C853D /* MainFeedViewController.swift in Sources */ = {isa = PBXBuildFile; fileRef = 26D87D5D1CBD2FFB00F78E08 /* MainFeedViewController.swift */; };
		265AFFC21CBD7C7400D3F898 /* StaticGames.swift in Sources */ = {isa = PBXBuildFile; fileRef = 265AFFC11CBD7C7400D3F898 /* StaticGames.swift */; };
		2689D14C1CBD13E400FBCB0C /* LoginViewController.swift in Sources */ = {isa = PBXBuildFile; fileRef = 2689D14B1CBD13E400FBCB0C /* LoginViewController.swift */; };
		26D87D631CBD454000F78E08 /* GameCellTableViewCell.swift in Sources */ = {isa = PBXBuildFile; fileRef = 26D87D621CBD454000F78E08 /* GameCellTableViewCell.swift */; };
		26DF8FC71CC001B60005CE2C /* TimeAgo.swift in Sources */ = {isa = PBXBuildFile; fileRef = 26DF8FC61CC001B60005CE2C /* TimeAgo.swift */; };
		26E7B9411CC3BEAC00976344 /* SettingsViewController.swift in Sources */ = {isa = PBXBuildFile; fileRef = 26E7B9401CC3BEAC00976344 /* SettingsViewController.swift */; };
		26E7B9421CC3BEAC00976344 /* SettingsViewController.swift in Sources */ = {isa = PBXBuildFile; fileRef = 26E7B9401CC3BEAC00976344 /* SettingsViewController.swift */; };
		26E989A81CBFCC800045D24F /* FriendListViewController.swift in Sources */ = {isa = PBXBuildFile; fileRef = 26E989A71CBFCC800045D24F /* FriendListViewController.swift */; };
		26E989AD1CBFCD520045D24F /* StaticFriendsList.swift in Sources */ = {isa = PBXBuildFile; fileRef = 26E989AC1CBFCD520045D24F /* StaticFriendsList.swift */; };
		26E989AE1CBFCD520045D24F /* StaticFriendsList.swift in Sources */ = {isa = PBXBuildFile; fileRef = 26E989AC1CBFCD520045D24F /* StaticFriendsList.swift */; };
		26E989B01CBFCE850045D24F /* FriendCellTableViewCell.swift in Sources */ = {isa = PBXBuildFile; fileRef = 26E989AF1CBFCE850045D24F /* FriendCellTableViewCell.swift */; };
		26E989B31CBFE6C10045D24F /* InvitationViewController.swift in Sources */ = {isa = PBXBuildFile; fileRef = 26E989B21CBFE6C10045D24F /* InvitationViewController.swift */; };
		26E989BB1CBFE8A50045D24F /* StaticInvitations.swift in Sources */ = {isa = PBXBuildFile; fileRef = 26E989BA1CBFE8A50045D24F /* StaticInvitations.swift */; };
		26E989BE1CBFE9F80045D24F /* InvitationCellViewController.swift in Sources */ = {isa = PBXBuildFile; fileRef = 26E989BD1CBFE9F80045D24F /* InvitationCellViewController.swift */; };
		F100A8CD1CBD404800E517C7 /* Friends.swift in Sources */ = {isa = PBXBuildFile; fileRef = F100A8CC1CBD404800E517C7 /* Friends.swift */; };
		F100A8CF1CBD409400E517C7 /* API.swift in Sources */ = {isa = PBXBuildFile; fileRef = F100A8CE1CBD409400E517C7 /* API.swift */; };
		F117FC111CC0FD5900B383FF /* Games.swift in Sources */ = {isa = PBXBuildFile; fileRef = F117FC101CC0FD5900B383FF /* Games.swift */; };
		F117FC121CC0FD5900B383FF /* Games.swift in Sources */ = {isa = PBXBuildFile; fileRef = F117FC101CC0FD5900B383FF /* Games.swift */; };
		F117FC131CC0FD6000B383FF /* Invitations.swift in Sources */ = {isa = PBXBuildFile; fileRef = F144A7011CC020CA00CA3772 /* Invitations.swift */; };
		F117FC141CC0FD6400B383FF /* Users.swift in Sources */ = {isa = PBXBuildFile; fileRef = F19D30E51CBBD3EE004A2B07 /* Users.swift */; };
		F117FC151CC0FD6700B383FF /* Friends.swift in Sources */ = {isa = PBXBuildFile; fileRef = F100A8CC1CBD404800E517C7 /* Friends.swift */; };
		F117FC161CC0FD6B00B383FF /* API.swift in Sources */ = {isa = PBXBuildFile; fileRef = F100A8CE1CBD409400E517C7 /* API.swift */; };
		F117FC171CC0FD6F00B383FF /* Route.swift in Sources */ = {isa = PBXBuildFile; fileRef = F19D30E81CBBD67D004A2B07 /* Route.swift */; };
		F117FC181CC0FD7200B383FF /* UserDefaultStorage.swift in Sources */ = {isa = PBXBuildFile; fileRef = F16D234A1CBD254700220218 /* UserDefaultStorage.swift */; };
		F117FC191CC0FD7500B383FF /* TimeAgo.swift in Sources */ = {isa = PBXBuildFile; fileRef = 26DF8FC61CC001B60005CE2C /* TimeAgo.swift */; };
		F117FC1A1CC0FD7900B383FF /* Invitation.swift in Sources */ = {isa = PBXBuildFile; fileRef = F144A7031CC0251600CA3772 /* Invitation.swift */; };
		F117FC1B1CC0FD7D00B383FF /* RegisterViewController.swift in Sources */ = {isa = PBXBuildFile; fileRef = F16D23481CBD21F000220218 /* RegisterViewController.swift */; };
		F117FC1C1CC0FD8100B383FF /* LoginViewController.swift in Sources */ = {isa = PBXBuildFile; fileRef = 2689D14B1CBD13E400FBCB0C /* LoginViewController.swift */; };
		F117FC1D1CC0FD8500B383FF /* FriendCellTableViewCell.swift in Sources */ = {isa = PBXBuildFile; fileRef = 26E989AF1CBFCE850045D24F /* FriendCellTableViewCell.swift */; };
		F117FC1E1CC0FD8800B383FF /* FriendListViewController.swift in Sources */ = {isa = PBXBuildFile; fileRef = 26E989A71CBFCC800045D24F /* FriendListViewController.swift */; };
		F117FC1F1CC0FD8C00B383FF /* GameCellTableViewCell.swift in Sources */ = {isa = PBXBuildFile; fileRef = 26D87D621CBD454000F78E08 /* GameCellTableViewCell.swift */; };
		F117FC201CC0FD8F00B383FF /* MainFeedViewController.swift in Sources */ = {isa = PBXBuildFile; fileRef = 26D87D5D1CBD2FFB00F78E08 /* MainFeedViewController.swift */; };
		F117FC211CC0FD9200B383FF /* InvitationCellViewController.swift in Sources */ = {isa = PBXBuildFile; fileRef = 26E989BD1CBFE9F80045D24F /* InvitationCellViewController.swift */; };
		F117FC221CC0FD9600B383FF /* InvitationViewController.swift in Sources */ = {isa = PBXBuildFile; fileRef = 26E989B21CBFE6C10045D24F /* InvitationViewController.swift */; };
		F117FC231CC0FD9C00B383FF /* StaticGames.swift in Sources */ = {isa = PBXBuildFile; fileRef = 265AFFC11CBD7C7400D3F898 /* StaticGames.swift */; };
		F117FC241CC0FDA300B383FF /* StaticInvitations.swift in Sources */ = {isa = PBXBuildFile; fileRef = 26E989BA1CBFE8A50045D24F /* StaticInvitations.swift */; };
		F117FC271CC0FEB900B383FF /* Game.swift in Sources */ = {isa = PBXBuildFile; fileRef = F117FC261CC0FEB900B383FF /* Game.swift */; };
		F117FC281CC0FEB900B383FF /* Game.swift in Sources */ = {isa = PBXBuildFile; fileRef = F117FC261CC0FEB900B383FF /* Game.swift */; };
		F140759D1C85DF1300EEADC1 /* AppDelegate.swift in Sources */ = {isa = PBXBuildFile; fileRef = F140759C1C85DF1300EEADC1 /* AppDelegate.swift */; };
		F14075A61C85DF1300EEADC1 /* Main.storyboard in Resources */ = {isa = PBXBuildFile; fileRef = F14075A41C85DF1300EEADC1 /* Main.storyboard */; };
		F14075A81C85DF1300EEADC1 /* Assets.xcassets in Resources */ = {isa = PBXBuildFile; fileRef = F14075A71C85DF1300EEADC1 /* Assets.xcassets */; };
		F14075AB1C85DF1300EEADC1 /* LaunchScreen.storyboard in Resources */ = {isa = PBXBuildFile; fileRef = F14075A91C85DF1300EEADC1 /* LaunchScreen.storyboard */; };
		F14075B61C85DF1300EEADC1 /* PatternsTests.swift in Sources */ = {isa = PBXBuildFile; fileRef = F14075B51C85DF1300EEADC1 /* PatternsTests.swift */; };
		F142BE0D1CBD3C320052E6C9 /* Spring.framework in Frameworks */ = {isa = PBXBuildFile; fileRef = F142BE0C1CBD3C320052E6C9 /* Spring.framework */; };
		F144A7021CC020CA00CA3772 /* Invitations.swift in Sources */ = {isa = PBXBuildFile; fileRef = F144A7011CC020CA00CA3772 /* Invitations.swift */; };
		F144A7041CC0251600CA3772 /* Invitation.swift in Sources */ = {isa = PBXBuildFile; fileRef = F144A7031CC0251600CA3772 /* Invitation.swift */; };
		F16D23491CBD21F000220218 /* RegisterViewController.swift in Sources */ = {isa = PBXBuildFile; fileRef = F16D23481CBD21F000220218 /* RegisterViewController.swift */; };
		F16D234B1CBD254700220218 /* UserDefaultStorage.swift in Sources */ = {isa = PBXBuildFile; fileRef = F16D234A1CBD254700220218 /* UserDefaultStorage.swift */; };
		F19D30DE1CBBA42D004A2B07 /* Alamofire.framework in Frameworks */ = {isa = PBXBuildFile; fileRef = F19D30DD1CBBA42D004A2B07 /* Alamofire.framework */; settings = {ATTRIBUTES = (Required, ); }; };
		F19D30E11CBBC4CE004A2B07 /* SwiftyJSON.framework in Frameworks */ = {isa = PBXBuildFile; fileRef = F19D30E01CBBC4CE004A2B07 /* SwiftyJSON.framework */; };
		F19D30E61CBBD3EE004A2B07 /* Users.swift in Sources */ = {isa = PBXBuildFile; fileRef = F19D30E51CBBD3EE004A2B07 /* Users.swift */; };
		F19D30E91CBBD67D004A2B07 /* Route.swift in Sources */ = {isa = PBXBuildFile; fileRef = F19D30E81CBBD67D004A2B07 /* Route.swift */; };
/* End PBXBuildFile section */

/* Begin PBXContainerItemProxy section */
		F14075B21C85DF1300EEADC1 /* PBXContainerItemProxy */ = {
			isa = PBXContainerItemProxy;
			containerPortal = F14075911C85DF1200EEADC1 /* Project object */;
			proxyType = 1;
			remoteGlobalIDString = F14075981C85DF1200EEADC1;
			remoteInfo = Patterns;
		};
/* End PBXContainerItemProxy section */

/* Begin PBXFileReference section */
		265AFFC11CBD7C7400D3F898 /* StaticGames.swift */ = {isa = PBXFileReference; fileEncoding = 4; lastKnownFileType = sourcecode.swift; path = StaticGames.swift; sourceTree = "<group>"; };
		2689D14B1CBD13E400FBCB0C /* LoginViewController.swift */ = {isa = PBXFileReference; fileEncoding = 4; lastKnownFileType = sourcecode.swift; path = LoginViewController.swift; sourceTree = "<group>"; };
		26D87D5D1CBD2FFB00F78E08 /* MainFeedViewController.swift */ = {isa = PBXFileReference; fileEncoding = 4; lastKnownFileType = sourcecode.swift; path = MainFeedViewController.swift; sourceTree = "<group>"; };
		26D87D621CBD454000F78E08 /* GameCellTableViewCell.swift */ = {isa = PBXFileReference; fileEncoding = 4; lastKnownFileType = sourcecode.swift; path = GameCellTableViewCell.swift; sourceTree = "<group>"; };
		26DF8FC61CC001B60005CE2C /* TimeAgo.swift */ = {isa = PBXFileReference; fileEncoding = 4; lastKnownFileType = sourcecode.swift; path = TimeAgo.swift; sourceTree = "<group>"; };
		26E7B9401CC3BEAC00976344 /* SettingsViewController.swift */ = {isa = PBXFileReference; fileEncoding = 4; lastKnownFileType = sourcecode.swift; path = SettingsViewController.swift; sourceTree = "<group>"; };
		26E989A71CBFCC800045D24F /* FriendListViewController.swift */ = {isa = PBXFileReference; fileEncoding = 4; lastKnownFileType = sourcecode.swift; path = FriendListViewController.swift; sourceTree = "<group>"; };
		26E989AC1CBFCD520045D24F /* StaticFriendsList.swift */ = {isa = PBXFileReference; fileEncoding = 4; lastKnownFileType = sourcecode.swift; path = StaticFriendsList.swift; sourceTree = "<group>"; };
		26E989AF1CBFCE850045D24F /* FriendCellTableViewCell.swift */ = {isa = PBXFileReference; fileEncoding = 4; lastKnownFileType = sourcecode.swift; path = FriendCellTableViewCell.swift; sourceTree = "<group>"; };
		26E989B21CBFE6C10045D24F /* InvitationViewController.swift */ = {isa = PBXFileReference; fileEncoding = 4; lastKnownFileType = sourcecode.swift; path = InvitationViewController.swift; sourceTree = "<group>"; };
		26E989BA1CBFE8A50045D24F /* StaticInvitations.swift */ = {isa = PBXFileReference; fileEncoding = 4; lastKnownFileType = sourcecode.swift; path = StaticInvitations.swift; sourceTree = "<group>"; };
		26E989BD1CBFE9F80045D24F /* InvitationCellViewController.swift */ = {isa = PBXFileReference; fileEncoding = 4; lastKnownFileType = sourcecode.swift; path = InvitationCellViewController.swift; sourceTree = "<group>"; };
		F100A8CC1CBD404800E517C7 /* Friends.swift */ = {isa = PBXFileReference; fileEncoding = 4; lastKnownFileType = sourcecode.swift; path = Friends.swift; sourceTree = "<group>"; };
		F100A8CE1CBD409400E517C7 /* API.swift */ = {isa = PBXFileReference; fileEncoding = 4; lastKnownFileType = sourcecode.swift; path = API.swift; sourceTree = "<group>"; };
		F117FC101CC0FD5900B383FF /* Games.swift */ = {isa = PBXFileReference; fileEncoding = 4; lastKnownFileType = sourcecode.swift; path = Games.swift; sourceTree = "<group>"; };
		F117FC261CC0FEB900B383FF /* Game.swift */ = {isa = PBXFileReference; fileEncoding = 4; lastKnownFileType = sourcecode.swift; path = Game.swift; sourceTree = "<group>"; };
		F14075991C85DF1300EEADC1 /* Patterns.app */ = {isa = PBXFileReference; explicitFileType = wrapper.application; includeInIndex = 0; path = Patterns.app; sourceTree = BUILT_PRODUCTS_DIR; };
		F140759C1C85DF1300EEADC1 /* AppDelegate.swift */ = {isa = PBXFileReference; lastKnownFileType = sourcecode.swift; path = AppDelegate.swift; sourceTree = "<group>"; };
		F14075A51C85DF1300EEADC1 /* Base */ = {isa = PBXFileReference; lastKnownFileType = file.storyboard; name = Base; path = Base.lproj/Main.storyboard; sourceTree = "<group>"; };
		F14075A71C85DF1300EEADC1 /* Assets.xcassets */ = {isa = PBXFileReference; lastKnownFileType = folder.assetcatalog; path = Assets.xcassets; sourceTree = "<group>"; };
		F14075AA1C85DF1300EEADC1 /* Base */ = {isa = PBXFileReference; lastKnownFileType = file.storyboard; name = Base; path = Base.lproj/LaunchScreen.storyboard; sourceTree = "<group>"; };
		F14075AC1C85DF1300EEADC1 /* Info.plist */ = {isa = PBXFileReference; lastKnownFileType = text.plist.xml; path = Info.plist; sourceTree = "<group>"; };
		F14075B11C85DF1300EEADC1 /* PatternsTests.xctest */ = {isa = PBXFileReference; explicitFileType = wrapper.cfbundle; includeInIndex = 0; path = PatternsTests.xctest; sourceTree = BUILT_PRODUCTS_DIR; };
		F14075B51C85DF1300EEADC1 /* PatternsTests.swift */ = {isa = PBXFileReference; lastKnownFileType = sourcecode.swift; path = PatternsTests.swift; sourceTree = "<group>"; };
		F14075B71C85DF1300EEADC1 /* Info.plist */ = {isa = PBXFileReference; lastKnownFileType = text.plist.xml; path = Info.plist; sourceTree = "<group>"; };
		F142BE0C1CBD3C320052E6C9 /* Spring.framework */ = {isa = PBXFileReference; lastKnownFileType = wrapper.framework; name = Spring.framework; path = Carthage/Build/iOS/Spring.framework; sourceTree = "<group>"; };
		F144A7011CC020CA00CA3772 /* Invitations.swift */ = {isa = PBXFileReference; fileEncoding = 4; lastKnownFileType = sourcecode.swift; path = Invitations.swift; sourceTree = "<group>"; };
		F144A7031CC0251600CA3772 /* Invitation.swift */ = {isa = PBXFileReference; fileEncoding = 4; lastKnownFileType = sourcecode.swift; path = Invitation.swift; sourceTree = "<group>"; };
		F16D23481CBD21F000220218 /* RegisterViewController.swift */ = {isa = PBXFileReference; fileEncoding = 4; lastKnownFileType = sourcecode.swift; path = RegisterViewController.swift; sourceTree = "<group>"; };
		F16D234A1CBD254700220218 /* UserDefaultStorage.swift */ = {isa = PBXFileReference; fileEncoding = 4; lastKnownFileType = sourcecode.swift; path = UserDefaultStorage.swift; sourceTree = "<group>"; };
		F19D30DD1CBBA42D004A2B07 /* Alamofire.framework */ = {isa = PBXFileReference; lastKnownFileType = wrapper.framework; name = Alamofire.framework; path = Carthage/Build/iOS/Alamofire.framework; sourceTree = "<group>"; };
		F19D30E01CBBC4CE004A2B07 /* SwiftyJSON.framework */ = {isa = PBXFileReference; lastKnownFileType = wrapper.framework; name = SwiftyJSON.framework; path = Carthage/Build/iOS/SwiftyJSON.framework; sourceTree = "<group>"; };
		F19D30E51CBBD3EE004A2B07 /* Users.swift */ = {isa = PBXFileReference; fileEncoding = 4; lastKnownFileType = sourcecode.swift; path = Users.swift; sourceTree = "<group>"; };
		F19D30E81CBBD67D004A2B07 /* Route.swift */ = {isa = PBXFileReference; fileEncoding = 4; lastKnownFileType = sourcecode.swift; path = Route.swift; sourceTree = "<group>"; };
/* End PBXFileReference section */

/* Begin PBXFrameworksBuildPhase section */
		F14075961C85DF1200EEADC1 /* Frameworks */ = {
			isa = PBXFrameworksBuildPhase;
			buildActionMask = 2147483647;
			files = (
				F19D30DE1CBBA42D004A2B07 /* Alamofire.framework in Frameworks */,
				F142BE0D1CBD3C320052E6C9 /* Spring.framework in Frameworks */,
				F19D30E11CBBC4CE004A2B07 /* SwiftyJSON.framework in Frameworks */,
			);
			runOnlyForDeploymentPostprocessing = 0;
		};
		F14075AE1C85DF1300EEADC1 /* Frameworks */ = {
			isa = PBXFrameworksBuildPhase;
			buildActionMask = 2147483647;
			files = (
			);
			runOnlyForDeploymentPostprocessing = 0;
		};
/* End PBXFrameworksBuildPhase section */

/* Begin PBXGroup section */
		26E7B93F1CC3BE9400976344 /* Settings View */ = {
			isa = PBXGroup;
			children = (
				26E7B9401CC3BEAC00976344 /* SettingsViewController.swift */,
			);
			name = "Settings View";
			sourceTree = "<group>";
		};
		26E989AA1CBFCC860045D24F /* Controllers */ = {
			isa = PBXGroup;
			children = (
				26E7B93F1CC3BE9400976344 /* Settings View */,
				26E989B91CBFE7B90045D24F /* Notifications View */,
				26E989B51CBFE7600045D24F /* Main View */,
				26E989B61CBFE7740045D24F /* Friends View */,
				26E989B71CBFE7820045D24F /* Login View */,
				26E989B81CBFE7880045D24F /* Register View */,
			);
			name = Controllers;
			sourceTree = "<group>";
		};
		26E989AB1CBFCCA90045D24F /* Mock data */ = {
			isa = PBXGroup;
			children = (
				265AFFC11CBD7C7400D3F898 /* StaticGames.swift */,
				26E989AC1CBFCD520045D24F /* StaticFriendsList.swift */,
				26E989BA1CBFE8A50045D24F /* StaticInvitations.swift */,
			);
			name = "Mock data";
			sourceTree = "<group>";
		};
		26E989B51CBFE7600045D24F /* Main View */ = {
			isa = PBXGroup;
			children = (
				26D87D621CBD454000F78E08 /* GameCellTableViewCell.swift */,
				26D87D5D1CBD2FFB00F78E08 /* MainFeedViewController.swift */,
			);
			name = "Main View";
			sourceTree = "<group>";
		};
		26E989B61CBFE7740045D24F /* Friends View */ = {
			isa = PBXGroup;
			children = (
				26E989AF1CBFCE850045D24F /* FriendCellTableViewCell.swift */,
				26E989A71CBFCC800045D24F /* FriendListViewController.swift */,
			);
			name = "Friends View";
			sourceTree = "<group>";
		};
		26E989B71CBFE7820045D24F /* Login View */ = {
			isa = PBXGroup;
			children = (
				2689D14B1CBD13E400FBCB0C /* LoginViewController.swift */,
			);
			name = "Login View";
			sourceTree = "<group>";
		};
		26E989B81CBFE7880045D24F /* Register View */ = {
			isa = PBXGroup;
			children = (
				F16D23481CBD21F000220218 /* RegisterViewController.swift */,
			);
			name = "Register View";
			sourceTree = "<group>";
		};
		26E989B91CBFE7B90045D24F /* Notifications View */ = {
			isa = PBXGroup;
			children = (
				26E989B21CBFE6C10045D24F /* InvitationViewController.swift */,
				26E989BD1CBFE9F80045D24F /* InvitationCellViewController.swift */,
			);
			name = "Notifications View";
			sourceTree = "<group>";
		};
		F117FC251CC0FE9100B383FF /* Models */ = {
			isa = PBXGroup;
			children = (
				F144A7031CC0251600CA3772 /* Invitation.swift */,
				F117FC261CC0FEB900B383FF /* Game.swift */,
			);
			name = Models;
			sourceTree = "<group>";
		};
		F14075901C85DF1200EEADC1 = {
			isa = PBXGroup;
			children = (
				F142BE0C1CBD3C320052E6C9 /* Spring.framework */,
				F19D30DD1CBBA42D004A2B07 /* Alamofire.framework */,
				F19D30E01CBBC4CE004A2B07 /* SwiftyJSON.framework */,
				F140759B1C85DF1300EEADC1 /* Patterns */,
				F14075B41C85DF1300EEADC1 /* PatternsTests */,
				F140759A1C85DF1300EEADC1 /* Products */,
			);
			sourceTree = "<group>";
		};
		F140759A1C85DF1300EEADC1 /* Products */ = {
			isa = PBXGroup;
			children = (
				F14075991C85DF1300EEADC1 /* Patterns.app */,
				F14075B11C85DF1300EEADC1 /* PatternsTests.xctest */,
			);
			name = Products;
			sourceTree = "<group>";
		};
		F140759B1C85DF1300EEADC1 /* Patterns */ = {
			isa = PBXGroup;
			children = (
				26E989AB1CBFCCA90045D24F /* Mock data */,
				26E989AA1CBFCC860045D24F /* Controllers */,
				F117FC251CC0FE9100B383FF /* Models */,
				F19D30E71CBBD66F004A2B07 /* Utils */,
				F19D30E41CBBD3CF004A2B07 /* Recallo */,
				F140759C1C85DF1300EEADC1 /* AppDelegate.swift */,
				F14075A41C85DF1300EEADC1 /* Main.storyboard */,
				F14075A71C85DF1300EEADC1 /* Assets.xcassets */,
				F14075A91C85DF1300EEADC1 /* LaunchScreen.storyboard */,
				F14075AC1C85DF1300EEADC1 /* Info.plist */,
			);
			path = Patterns;
			sourceTree = "<group>";
		};
		F14075B41C85DF1300EEADC1 /* PatternsTests */ = {
			isa = PBXGroup;
			children = (
				F14075B51C85DF1300EEADC1 /* PatternsTests.swift */,
				F14075B71C85DF1300EEADC1 /* Info.plist */,
			);
			path = PatternsTests;
			sourceTree = "<group>";
		};
		F19D30E41CBBD3CF004A2B07 /* Recallo */ = {
			isa = PBXGroup;
			children = (
				F100A8CE1CBD409400E517C7 /* API.swift */,
				F100A8CC1CBD404800E517C7 /* Friends.swift */,
				F117FC101CC0FD5900B383FF /* Games.swift */,
				F144A7011CC020CA00CA3772 /* Invitations.swift */,
				F19D30E51CBBD3EE004A2B07 /* Users.swift */,
			);
			name = Recallo;
			sourceTree = "<group>";
		};
		F19D30E71CBBD66F004A2B07 /* Utils */ = {
			isa = PBXGroup;
			children = (
				F19D30E81CBBD67D004A2B07 /* Route.swift */,
				F16D234A1CBD254700220218 /* UserDefaultStorage.swift */,
				26DF8FC61CC001B60005CE2C /* TimeAgo.swift */,
			);
			name = Utils;
			sourceTree = "<group>";
		};
/* End PBXGroup section */

/* Begin PBXNativeTarget section */
		F14075981C85DF1200EEADC1 /* Patterns */ = {
			isa = PBXNativeTarget;
			buildConfigurationList = F14075BA1C85DF1300EEADC1 /* Build configuration list for PBXNativeTarget "Patterns" */;
			buildPhases = (
				F14075951C85DF1200EEADC1 /* Sources */,
				F14075961C85DF1200EEADC1 /* Frameworks */,
				F14075971C85DF1200EEADC1 /* Resources */,
				F19D30DF1CBBA454004A2B07 /* ShellScript */,
			);
			buildRules = (
			);
			dependencies = (
			);
			name = Patterns;
			productName = Patterns;
			productReference = F14075991C85DF1300EEADC1 /* Patterns.app */;
			productType = "com.apple.product-type.application";
		};
		F14075B01C85DF1300EEADC1 /* PatternsTests */ = {
			isa = PBXNativeTarget;
			buildConfigurationList = F14075BD1C85DF1300EEADC1 /* Build configuration list for PBXNativeTarget "PatternsTests" */;
			buildPhases = (
				F14075AD1C85DF1300EEADC1 /* Sources */,
				F14075AE1C85DF1300EEADC1 /* Frameworks */,
				F14075AF1C85DF1300EEADC1 /* Resources */,
			);
			buildRules = (
			);
			dependencies = (
				F14075B31C85DF1300EEADC1 /* PBXTargetDependency */,
			);
			name = PatternsTests;
			productName = PatternsTests;
			productReference = F14075B11C85DF1300EEADC1 /* PatternsTests.xctest */;
			productType = "com.apple.product-type.bundle.unit-test";
		};
/* End PBXNativeTarget section */

/* Begin PBXProject section */
		F14075911C85DF1200EEADC1 /* Project object */ = {
			isa = PBXProject;
			attributes = {
				LastSwiftUpdateCheck = 0720;
				LastUpgradeCheck = 0720;
				ORGANIZATIONNAME = TDT4240G12;
				TargetAttributes = {
					F14075981C85DF1200EEADC1 = {
						CreatedOnToolsVersion = 7.2.1;
						DevelopmentTeam = 7NJ6KBWBYD;
					};
					F14075B01C85DF1300EEADC1 = {
						CreatedOnToolsVersion = 7.2.1;
						DevelopmentTeam = KJSBU737CR;
						TestTargetID = F14075981C85DF1200EEADC1;
					};
				};
			};
			buildConfigurationList = F14075941C85DF1200EEADC1 /* Build configuration list for PBXProject "Patterns" */;
			compatibilityVersion = "Xcode 3.2";
			developmentRegion = English;
			hasScannedForEncodings = 0;
			knownRegions = (
				en,
				Base,
			);
			mainGroup = F14075901C85DF1200EEADC1;
			productRefGroup = F140759A1C85DF1300EEADC1 /* Products */;
			projectDirPath = "";
			projectRoot = "";
			targets = (
				F14075981C85DF1200EEADC1 /* Patterns */,
				F14075B01C85DF1300EEADC1 /* PatternsTests */,
			);
		};
/* End PBXProject section */

/* Begin PBXResourcesBuildPhase section */
		F14075971C85DF1200EEADC1 /* Resources */ = {
			isa = PBXResourcesBuildPhase;
			buildActionMask = 2147483647;
			files = (
				F14075AB1C85DF1300EEADC1 /* LaunchScreen.storyboard in Resources */,
				F14075A81C85DF1300EEADC1 /* Assets.xcassets in Resources */,
				F14075A61C85DF1300EEADC1 /* Main.storyboard in Resources */,
			);
			runOnlyForDeploymentPostprocessing = 0;
		};
		F14075AF1C85DF1300EEADC1 /* Resources */ = {
			isa = PBXResourcesBuildPhase;
			buildActionMask = 2147483647;
			files = (
			);
			runOnlyForDeploymentPostprocessing = 0;
		};
/* End PBXResourcesBuildPhase section */

/* Begin PBXShellScriptBuildPhase section */
		F19D30DF1CBBA454004A2B07 /* ShellScript */ = {
			isa = PBXShellScriptBuildPhase;
			buildActionMask = 2147483647;
			files = (
			);
			inputPaths = (
				"$(SRCROOT)/Carthage/Build/iOS/Alamofire.framework",
				"$(SRCROOT)/Carthage/Build/iOS/SwiftyJSON.framework",
				"$(SRCROOT)/Carthage/Build/iOS/Spring.framework",
			);
			outputPaths = (
			);
			runOnlyForDeploymentPostprocessing = 0;
			shellPath = "/usr/bin/env bash";
			shellScript = "/usr/local/bin/carthage copy-frameworks";
		};
/* End PBXShellScriptBuildPhase section */

/* Begin PBXSourcesBuildPhase section */
		F14075951C85DF1200EEADC1 /* Sources */ = {
			isa = PBXSourcesBuildPhase;
			buildActionMask = 2147483647;
			files = (
				F100A8CF1CBD409400E517C7 /* API.swift in Sources */,
				26E989AD1CBFCD520045D24F /* StaticFriendsList.swift in Sources */,
				26DF8FC71CC001B60005CE2C /* TimeAgo.swift in Sources */,
				F117FC111CC0FD5900B383FF /* Games.swift in Sources */,
				26E989BB1CBFE8A50045D24F /* StaticInvitations.swift in Sources */,
				26E989B01CBFCE850045D24F /* FriendCellTableViewCell.swift in Sources */,
				2689D14C1CBD13E400FBCB0C /* LoginViewController.swift in Sources */,
				264FE9151CBD4C6B008C853D /* MainFeedViewController.swift in Sources */,
				26E989A81CBFCC800045D24F /* FriendListViewController.swift in Sources */,
				F100A8CD1CBD404800E517C7 /* Friends.swift in Sources */,
				F19D30E61CBBD3EE004A2B07 /* Users.swift in Sources */,
				F144A7021CC020CA00CA3772 /* Invitations.swift in Sources */,
				F16D23491CBD21F000220218 /* RegisterViewController.swift in Sources */,
				F19D30E91CBBD67D004A2B07 /* Route.swift in Sources */,
				265AFFC21CBD7C7400D3F898 /* StaticGames.swift in Sources */,
				26E7B9411CC3BEAC00976344 /* SettingsViewController.swift in Sources */,
				26D87D631CBD454000F78E08 /* GameCellTableViewCell.swift in Sources */,
				F16D234B1CBD254700220218 /* UserDefaultStorage.swift in Sources */,
				F117FC271CC0FEB900B383FF /* Game.swift in Sources */,
				F144A7041CC0251600CA3772 /* Invitation.swift in Sources */,
				F140759D1C85DF1300EEADC1 /* AppDelegate.swift in Sources */,
				26E989BE1CBFE9F80045D24F /* InvitationCellViewController.swift in Sources */,
				26E989B31CBFE6C10045D24F /* InvitationViewController.swift in Sources */,
			);
			runOnlyForDeploymentPostprocessing = 0;
		};
		F14075AD1C85DF1300EEADC1 /* Sources */ = {
			isa = PBXSourcesBuildPhase;
			buildActionMask = 2147483647;
			files = (
				F117FC131CC0FD6000B383FF /* Invitations.swift in Sources */,
				F117FC221CC0FD9600B383FF /* InvitationViewController.swift in Sources */,
				F117FC211CC0FD9200B383FF /* InvitationCellViewController.swift in Sources */,
				F117FC151CC0FD6700B383FF /* Friends.swift in Sources */,
				F117FC121CC0FD5900B383FF /* Games.swift in Sources */,
				F117FC201CC0FD8F00B383FF /* MainFeedViewController.swift in Sources */,
				F117FC1F1CC0FD8C00B383FF /* GameCellTableViewCell.swift in Sources */,
				F117FC1B1CC0FD7D00B383FF /* RegisterViewController.swift in Sources */,
				F117FC141CC0FD6400B383FF /* Users.swift in Sources */,
				F117FC1E1CC0FD8800B383FF /* FriendListViewController.swift in Sources */,
				26E989AE1CBFCD520045D24F /* StaticFriendsList.swift in Sources */,
				F117FC171CC0FD6F00B383FF /* Route.swift in Sources */,
				F117FC1D1CC0FD8500B383FF /* FriendCellTableViewCell.swift in Sources */,
				F117FC231CC0FD9C00B383FF /* StaticGames.swift in Sources */,
				F117FC191CC0FD7500B383FF /* TimeAgo.swift in Sources */,
				26E7B9421CC3BEAC00976344 /* SettingsViewController.swift in Sources */,
				F117FC241CC0FDA300B383FF /* StaticInvitations.swift in Sources */,
				F117FC181CC0FD7200B383FF /* UserDefaultStorage.swift in Sources */,
				F117FC281CC0FEB900B383FF /* Game.swift in Sources */,
				F117FC1A1CC0FD7900B383FF /* Invitation.swift in Sources */,
				F14075B61C85DF1300EEADC1 /* PatternsTests.swift in Sources */,
				F117FC1C1CC0FD8100B383FF /* LoginViewController.swift in Sources */,
				F117FC161CC0FD6B00B383FF /* API.swift in Sources */,
			);
			runOnlyForDeploymentPostprocessing = 0;
		};
/* End PBXSourcesBuildPhase section */

/* Begin PBXTargetDependency section */
		F14075B31C85DF1300EEADC1 /* PBXTargetDependency */ = {
			isa = PBXTargetDependency;
			target = F14075981C85DF1200EEADC1 /* Patterns */;
			targetProxy = F14075B21C85DF1300EEADC1 /* PBXContainerItemProxy */;
		};
/* End PBXTargetDependency section */

/* Begin PBXVariantGroup section */
		F14075A41C85DF1300EEADC1 /* Main.storyboard */ = {
			isa = PBXVariantGroup;
			children = (
				F14075A51C85DF1300EEADC1 /* Base */,
			);
			name = Main.storyboard;
			sourceTree = "<group>";
		};
		F14075A91C85DF1300EEADC1 /* LaunchScreen.storyboard */ = {
			isa = PBXVariantGroup;
			children = (
				F14075AA1C85DF1300EEADC1 /* Base */,
			);
			name = LaunchScreen.storyboard;
			sourceTree = "<group>";
		};
/* End PBXVariantGroup section */

/* Begin XCBuildConfiguration section */
		F14075B81C85DF1300EEADC1 /* Debug */ = {
			isa = XCBuildConfiguration;
			buildSettings = {
				ALWAYS_SEARCH_USER_PATHS = NO;
				CLANG_CXX_LANGUAGE_STANDARD = "gnu++0x";
				CLANG_CXX_LIBRARY = "libc++";
				CLANG_ENABLE_MODULES = YES;
				CLANG_ENABLE_OBJC_ARC = YES;
				CLANG_WARN_BOOL_CONVERSION = YES;
				CLANG_WARN_CONSTANT_CONVERSION = YES;
				CLANG_WARN_DIRECT_OBJC_ISA_USAGE = YES_ERROR;
				CLANG_WARN_EMPTY_BODY = YES;
				CLANG_WARN_ENUM_CONVERSION = YES;
				CLANG_WARN_INT_CONVERSION = YES;
				CLANG_WARN_OBJC_ROOT_CLASS = YES_ERROR;
				CLANG_WARN_UNREACHABLE_CODE = YES;
				CLANG_WARN__DUPLICATE_METHOD_MATCH = YES;
				"CODE_SIGN_IDENTITY[sdk=iphoneos*]" = "iPhone Developer";
				COPY_PHASE_STRIP = NO;
				DEBUG_INFORMATION_FORMAT = "dwarf-with-dsym";
				ENABLE_STRICT_OBJC_MSGSEND = YES;
				ENABLE_TESTABILITY = YES;
				GCC_C_LANGUAGE_STANDARD = gnu99;
				GCC_DYNAMIC_NO_PIC = NO;
				GCC_NO_COMMON_BLOCKS = YES;
				GCC_OPTIMIZATION_LEVEL = 0;
				GCC_PREPROCESSOR_DEFINITIONS = (
					"DEBUG=1",
					"$(inherited)",
				);
				GCC_WARN_64_TO_32_BIT_CONVERSION = YES;
				GCC_WARN_ABOUT_RETURN_TYPE = YES_ERROR;
				GCC_WARN_UNDECLARED_SELECTOR = YES;
				GCC_WARN_UNINITIALIZED_AUTOS = YES_AGGRESSIVE;
				GCC_WARN_UNUSED_FUNCTION = YES;
				GCC_WARN_UNUSED_VARIABLE = YES;
				IPHONEOS_DEPLOYMENT_TARGET = 9.2;
				MTL_ENABLE_DEBUG_INFO = YES;
				ONLY_ACTIVE_ARCH = YES;
				SDKROOT = iphoneos;
				SWIFT_OPTIMIZATION_LEVEL = "-Onone";
				TARGETED_DEVICE_FAMILY = "1,2";
			};
			name = Debug;
		};
		F14075B91C85DF1300EEADC1 /* Release */ = {
			isa = XCBuildConfiguration;
			buildSettings = {
				ALWAYS_SEARCH_USER_PATHS = NO;
				CLANG_CXX_LANGUAGE_STANDARD = "gnu++0x";
				CLANG_CXX_LIBRARY = "libc++";
				CLANG_ENABLE_MODULES = YES;
				CLANG_ENABLE_OBJC_ARC = YES;
				CLANG_WARN_BOOL_CONVERSION = YES;
				CLANG_WARN_CONSTANT_CONVERSION = YES;
				CLANG_WARN_DIRECT_OBJC_ISA_USAGE = YES_ERROR;
				CLANG_WARN_EMPTY_BODY = YES;
				CLANG_WARN_ENUM_CONVERSION = YES;
				CLANG_WARN_INT_CONVERSION = YES;
				CLANG_WARN_OBJC_ROOT_CLASS = YES_ERROR;
				CLANG_WARN_UNREACHABLE_CODE = YES;
				CLANG_WARN__DUPLICATE_METHOD_MATCH = YES;
				"CODE_SIGN_IDENTITY[sdk=iphoneos*]" = "iPhone Developer";
				COPY_PHASE_STRIP = NO;
				DEBUG_INFORMATION_FORMAT = "dwarf-with-dsym";
				ENABLE_NS_ASSERTIONS = NO;
				ENABLE_STRICT_OBJC_MSGSEND = YES;
				GCC_C_LANGUAGE_STANDARD = gnu99;
				GCC_NO_COMMON_BLOCKS = YES;
				GCC_WARN_64_TO_32_BIT_CONVERSION = YES;
				GCC_WARN_ABOUT_RETURN_TYPE = YES_ERROR;
				GCC_WARN_UNDECLARED_SELECTOR = YES;
				GCC_WARN_UNINITIALIZED_AUTOS = YES_AGGRESSIVE;
				GCC_WARN_UNUSED_FUNCTION = YES;
				GCC_WARN_UNUSED_VARIABLE = YES;
				IPHONEOS_DEPLOYMENT_TARGET = 9.2;
				MTL_ENABLE_DEBUG_INFO = NO;
				SDKROOT = iphoneos;
				TARGETED_DEVICE_FAMILY = "1,2";
				VALIDATE_PRODUCT = YES;
			};
			name = Release;
		};
		F14075BB1C85DF1300EEADC1 /* Debug */ = {
			isa = XCBuildConfiguration;
			buildSettings = {
				ASSETCATALOG_COMPILER_APPICON_NAME = AppIcon;
				CODE_SIGN_IDENTITY = "iPhone Developer";
				"CODE_SIGN_IDENTITY[sdk=iphoneos*]" = "iPhone Developer";
				FRAMEWORK_SEARCH_PATHS = (
					"$(inherited)",
					"$(PROJECT_DIR)/Carthage/Build/iOS",
				);
				INFOPLIST_FILE = Patterns/Info.plist;
				LD_RUNPATH_SEARCH_PATHS = "$(inherited) @executable_path/Frameworks";
				PRODUCT_BUNDLE_IDENTIFIER = com.mattiden.Patterns;
				PRODUCT_NAME = "$(TARGET_NAME)";
				PROVISIONING_PROFILE = "";
			};
			name = Debug;
		};
		F14075BC1C85DF1300EEADC1 /* Release */ = {
			isa = XCBuildConfiguration;
			buildSettings = {
				ASSETCATALOG_COMPILER_APPICON_NAME = AppIcon;
				CODE_SIGN_IDENTITY = "iPhone Developer";
				"CODE_SIGN_IDENTITY[sdk=iphoneos*]" = "iPhone Developer";
				FRAMEWORK_SEARCH_PATHS = (
					"$(inherited)",
					"$(PROJECT_DIR)/Carthage/Build/iOS",
				);
				INFOPLIST_FILE = Patterns/Info.plist;
				LD_RUNPATH_SEARCH_PATHS = "$(inherited) @executable_path/Frameworks";
				PRODUCT_BUNDLE_IDENTIFIER = com.mattiden.Patterns;
				PRODUCT_NAME = "$(TARGET_NAME)";
				PROVISIONING_PROFILE = "";
			};
			name = Release;
		};
		F14075BE1C85DF1300EEADC1 /* Debug */ = {
			isa = XCBuildConfiguration;
			buildSettings = {
				BUNDLE_LOADER = "$(TEST_HOST)";
				DEBUG_INFORMATION_FORMAT = dwarf;
				INFOPLIST_FILE = PatternsTests/Info.plist;
				LD_RUNPATH_SEARCH_PATHS = "$(inherited) @executable_path/Frameworks @loader_path/Frameworks";
				PRODUCT_BUNDLE_IDENTIFIER = com.krisvage.PatternsTests;
				PRODUCT_NAME = "$(TARGET_NAME)";
				TEST_HOST = "$(BUILT_PRODUCTS_DIR)/Patterns.app/Patterns";
			};
			name = Debug;
		};
		F14075BF1C85DF1300EEADC1 /* Release */ = {
			isa = XCBuildConfiguration;
			buildSettings = {
				BUNDLE_LOADER = "$(TEST_HOST)";
				INFOPLIST_FILE = PatternsTests/Info.plist;
				LD_RUNPATH_SEARCH_PATHS = "$(inherited) @executable_path/Frameworks @loader_path/Frameworks";
				PRODUCT_BUNDLE_IDENTIFIER = com.krisvage.PatternsTests;
				PRODUCT_NAME = "$(TARGET_NAME)";
				TEST_HOST = "$(BUILT_PRODUCTS_DIR)/Patterns.app/Patterns";
			};
			name = Release;
		};
/* End XCBuildConfiguration section */

/* Begin XCConfigurationList section */
		F14075941C85DF1200EEADC1 /* Build configuration list for PBXProject "Patterns" */ = {
			isa = XCConfigurationList;
			buildConfigurations = (
				F14075B81C85DF1300EEADC1 /* Debug */,
				F14075B91C85DF1300EEADC1 /* Release */,
			);
			defaultConfigurationIsVisible = 0;
			defaultConfigurationName = Release;
		};
		F14075BA1C85DF1300EEADC1 /* Build configuration list for PBXNativeTarget "Patterns" */ = {
			isa = XCConfigurationList;
			buildConfigurations = (
				F14075BB1C85DF1300EEADC1 /* Debug */,
				F14075BC1C85DF1300EEADC1 /* Release */,
			);
			defaultConfigurationIsVisible = 0;
			defaultConfigurationName = Release;
		};
		F14075BD1C85DF1300EEADC1 /* Build configuration list for PBXNativeTarget "PatternsTests" */ = {
			isa = XCConfigurationList;
			buildConfigurations = (
				F14075BE1C85DF1300EEADC1 /* Debug */,
				F14075BF1C85DF1300EEADC1 /* Release */,
			);
			defaultConfigurationIsVisible = 0;
			defaultConfigurationName = Release;
		};
/* End XCConfigurationList section */
	};
	rootObject = F14075911C85DF1200EEADC1 /* Project object */;
}
